
Microsoft Visual Studio Solution File, Format Version 12.00
# Visual Studio Version 16
VisualStudioVersion = 16.0.30907.101
MinimumVisualStudioVersion = 10.0.40219.1
Project("{8BC9CEB8-8B4A-11D0-8D11-00A0C91BC942}") = "TemperComp", "TemperComp\TemperComp.vcxproj", "{D39F5230-F9A3-45EA-A3FD-70083E5DD879}"
EndProject
Global
	GlobalSection(SolutionConfigurationPlatforms) = preSolution
		Debug|x64 = Debug|x64
		Release|x64 = Release|x64
		UnitTesting|x64 = UnitTesting|x64
	EndGlobalSection
	GlobalSection(ProjectConfigurationPlatforms) = postSolution
		{D39F5230-F9A3-45EA-A3FD-70083E5DD879}.Debug|x64.ActiveCfg = Debug|x64
		{D39F5230-F9A3-45EA-A3FD-70083E5DD879}.Debug|x64.Build.0 = Debug|x64
		{D39F5230-F9A3-45EA-A3FD-70083E5DD879}.Release|x64.ActiveCfg = Release|x64
		{D39F5230-F9A3-45EA-A3FD-70083E5DD879}.Release|x64.Build.0 = Release|x64
		{D39F5230-F9A3-45EA-A3FD-70083E5DD879}.UnitTesting|x64.ActiveCfg = UnitTesting|x64
		{D39F5230-F9A3-45EA-A3FD-70083E5DD879}.UnitTesting|x64.Build.0 = UnitTesting|x64
	EndGlobalSection
	GlobalSection(SolutionProperties) = preSolution
		HideSolutionNode = FALSE
	EndGlobalSection
	GlobalSection(ExtensibilityGlobals) = postSolution
		SolutionGuid = {72086292-A93E-42A5-A4FA-4298788FC10E}
	EndGlobalSection
EndGlobal
